{
  "pins" : [
    {
      "identity" : "emacs-swift-module",
      "kind" : "remoteSourceControl",
      "location" : "https://github.com/SavchenkoValeriy/emacs-swift-module.git",
      "state" : {
        "revision" : "c776706c9338b8ba72a76a2128fd89bd4ac4269e"
      }
    }
  ],
  "version" : 2
}
